
Microsoft Visual Studio Solution File, Format Version 12.00
# Visual Studio Version 17
VisualStudioVersion = 17.3.32922.545
MinimumVisualStudioVersion = 10.0.40219.1
Project("{FAE04EC0-301F-11D3-BF4B-00C04F79EFBC}") = "Noviembre.Web", "Noviembre.Web\Noviembre.Web.csproj", "{0A0A25D2-CBBB-49EC-A00C-B28E9A985A27}"
EndProject
Global
	GlobalSection(SolutionConfigurationPlatforms) = preSolution
		Debug|Any CPU = Debug|Any CPU
		Release|Any CPU = Release|Any CPU
	EndGlobalSection
	GlobalSection(ProjectConfigurationPlatforms) = postSolution
		{0A0A25D2-CBBB-49EC-A00C-B28E9A985A27}.Debug|Any CPU.ActiveCfg = Debug|Any CPU
		{0A0A25D2-CBBB-49EC-A00C-B28E9A985A27}.Debug|Any CPU.Build.0 = Debug|Any CPU
		{0A0A25D2-CBBB-49EC-A00C-B28E9A985A27}.Release|Any CPU.ActiveCfg = Release|Any CPU
		{0A0A25D2-CBBB-49EC-A00C-B28E9A985A27}.Release|Any CPU.Build.0 = Release|Any CPU
	EndGlobalSection
	GlobalSection(SolutionProperties) = preSolution
		HideSolutionNode = FALSE
	EndGlobalSection
	GlobalSection(ExtensibilityGlobals) = postSolution
		SolutionGuid = {3DB4346D-17E3-4084-B2AD-8F8F5D2B6477}
	EndGlobalSection
EndGlobal
